
Microsoft Visual Studio Solution File, Format Version 12.00
# Visual Studio Version 16
VisualStudioVersion = 16.0.29728.190
MinimumVisualStudioVersion = 10.0.40219.1
Project("{FAE04EC0-301F-11D3-BF4B-00C04F79EFBC}") = "MathLib", "MathLib\MathLib.csproj", "{314A3F94-DEB4-4579-897F-62B9F7B6B7AF}"
EndProject
Global
	GlobalSection(SolutionConfigurationPlatforms) = preSolution
		Debug|Any CPU = Debug|Any CPU
		Release|Any CPU = Release|Any CPU
	EndGlobalSection
	GlobalSection(ProjectConfigurationPlatforms) = postSolution
		{314A3F94-DEB4-4579-897F-62B9F7B6B7AF}.Debug|Any CPU.ActiveCfg = Debug|Any CPU
		{314A3F94-DEB4-4579-897F-62B9F7B6B7AF}.Debug|Any CPU.Build.0 = Debug|Any CPU
		{314A3F94-DEB4-4579-897F-62B9F7B6B7AF}.Release|Any CPU.ActiveCfg = Release|Any CPU
		{314A3F94-DEB4-4579-897F-62B9F7B6B7AF}.Release|Any CPU.Build.0 = Release|Any CPU
	EndGlobalSection
	GlobalSection(SolutionProperties) = preSolution
		HideSolutionNode = FALSE
	EndGlobalSection
	GlobalSection(ExtensibilityGlobals) = postSolution
		SolutionGuid = {0D25D20C-0277-4171-A825-7E9086AD8C3B}
	EndGlobalSection
EndGlobal
